
Microsoft Visual Studio Solution File, Format Version 12.00
# Visual Studio Version 17
VisualStudioVersion = 17.1.32328.378
MinimumVisualStudioVersion = 10.0.40219.1
Project("{FAE04EC0-301F-11D3-BF4B-00C04F79EFBC}") = "LibraryAdventureWorksLT", "LibraryAdventureWorksLT\LibraryAdventureWorksLT.csproj", "{1237D584-D239-4C4B-9993-CECC6A8C332B}"
EndProject
Project("{FAE04EC0-301F-11D3-BF4B-00C04F79EFBC}") = "AdventureWorksWeb", "..\AdventureWorksWeb\AdventureWorksWeb\AdventureWorksWeb.csproj", "{621618CF-86DC-4847-ADD0-4911D623CCF1}"
EndProject
Global
	GlobalSection(SolutionConfigurationPlatforms) = preSolution
		Debug|Any CPU = Debug|Any CPU
		Release|Any CPU = Release|Any CPU
	EndGlobalSection
	GlobalSection(ProjectConfigurationPlatforms) = postSolution
		{1237D584-D239-4C4B-9993-CECC6A8C332B}.Debug|Any CPU.ActiveCfg = Debug|Any CPU
		{1237D584-D239-4C4B-9993-CECC6A8C332B}.Debug|Any CPU.Build.0 = Debug|Any CPU
		{1237D584-D239-4C4B-9993-CECC6A8C332B}.Release|Any CPU.ActiveCfg = Release|Any CPU
		{1237D584-D239-4C4B-9993-CECC6A8C332B}.Release|Any CPU.Build.0 = Release|Any CPU
		{621618CF-86DC-4847-ADD0-4911D623CCF1}.Debug|Any CPU.ActiveCfg = Debug|Any CPU
		{621618CF-86DC-4847-ADD0-4911D623CCF1}.Debug|Any CPU.Build.0 = Debug|Any CPU
		{621618CF-86DC-4847-ADD0-4911D623CCF1}.Release|Any CPU.ActiveCfg = Release|Any CPU
		{621618CF-86DC-4847-ADD0-4911D623CCF1}.Release|Any CPU.Build.0 = Release|Any CPU
	EndGlobalSection
	GlobalSection(SolutionProperties) = preSolution
		HideSolutionNode = FALSE
	EndGlobalSection
	GlobalSection(ExtensibilityGlobals) = postSolution
		SolutionGuid = {03B0FF67-D9D3-4C3A-AA01-C39E539921BF}
	EndGlobalSection
EndGlobal
